NeoBundleLock Align 787662fe90cd057942bc5b682fd70c87e1a9dd77
NeoBundleLock neobundle.vim da586948ea027442d6c1b724e3b8c0937e224454
NeoBundleLock neocomplcache 778181767467b8f8016828898779a646074d883a
NeoBundleLock neosnippet-snippets d66cc78d8099e92aacf9d27d7b769abf7e9d6f7a
NeoBundleLock neosnippet.vim d7145056c4b3b8177159a085cffbe54c18a7d248
NeoBundleLock quickrunex-vim 7a8acc0ec39771fe189fd20a1e255908de9d9f19
NeoBundleLock tcomment_vim 4bc4d53fa847c62a3f2780b0fdf87763d04ff91f
NeoBundleLock unite-outline 432bc03fe82d3699a8987c15162e914354c06685
NeoBundleLock unite.vim 774d04d39f663d65cd3a97c60fd6d2f8cc5a5686
NeoBundleLock vim-gdev 3e685265d8425001cebd92b49dfb3b1db77992e2
NeoBundleLock vim-grammarous ca01a8efa8de2a3112d0eeb121ac55bebc3b147e
NeoBundleLock vim-latex 714e590663533e915c12ca4ea45d02b8df1d0398
NeoBundleLock vim-quickrun 72e2bd74f6a541ddee856eaafb655825789d91fa
NeoBundleLock vim-rails c7aeb5b8923e744b8fb753ddf881185abc16eef9
NeoBundleLock vim-surround 772ab9587b7d1e2c3bae75395c9123803059ba8a
NeoBundleLock vim-template 24687c1a59cb2828be4aec21ec75103d22a1c71e
NeoBundleLock vim_goshrepl db5e2ad7d0ff51d0b4d8e4a8ac4943dcacd4230f
NeoBundleLock vimfiler e65aaf9498fb52ba248027fc55f379bb030532a0
NeoBundleLock vimproc 0f68bcd93399ecbcde3eaa4efd09107314c9bdee
NeoBundleLock vimshell 41d3ad325852e80588ab57c64433fa338789d6ac
