NeoBundleLock Align 787662fe90cd057942bc5b682fd70c87e1a9dd77
NeoBundleLock neobundle.vim 27c473e6b8c0d9aef620d4a993615a5537175e36
NeoBundleLock neocomplcache d83bcbd0b142eb8de9d669ead26914cd7322a51c
NeoBundleLock neosnippet-snippets d2296c11d759fa5dd9a0b7f2f554e223e9adad7f
NeoBundleLock neosnippet.vim 044c9cb8ca46a5e27eec37198990c26fe707b02a
NeoBundleLock quickrunex-vim 6feb434a3d2965cce96848dba3b28f8160a5b473
NeoBundleLock tcomment_vim 2a7fa3b98d7538017f2b2068b8c2661ef884de47
NeoBundleLock unite-outline 08e0a89494bbba2e040eebbfec894b5749c0c0e2
NeoBundleLock unite.vim 8460f6502e3961db1acb972b9b888db2b43327cf
NeoBundleLock vim-gdev 3e685265d8425001cebd92b49dfb3b1db77992e2
NeoBundleLock vim-grammarous ca01a8efa8de2a3112d0eeb121ac55bebc3b147e
NeoBundleLock vim-latex 69c12a8b283b0d5de375eb72c66c03518dc3bedb
NeoBundleLock vim-quickrun 324a8a3fbc5cdde3de21f0b76fb7cc0775a91c2c
NeoBundleLock vim-rails 5f9da92cda40dfa8d63899a9f60d7e8782a3cff8
NeoBundleLock vim-surround fd75eb2cb2ffe85a457445cb152d5a6c7acda140
NeoBundleLock vim-template 24687c1a59cb2828be4aec21ec75103d22a1c71e
NeoBundleLock vim_goshrepl db5e2ad7d0ff51d0b4d8e4a8ac4943dcacd4230f
NeoBundleLock vimfiler 51ed6a55d5efd1dde20f1fae03914ed0b417756a
NeoBundleLock vimproc 04b45cd80f48f66daed04a1a48a7ea4e7d316086
NeoBundleLock vimshell 9fc163d57f6bb548df3e322c3db418c3f4226020
